// !$*UTF8*$!
{
	archiveVersion = 1;
	classes = {
	};
	objectVersion = 50;
	objects = {

/* Begin PBXBuildFile section */
		303ADCDC20B045E700231755 /* Food2ViewController.swift in Sources */ = {isa = PBXBuildFile; fileRef = 303ADCDB20B045E700231755 /* Food2ViewController.swift */; };
		303ADCDE20B0462100231755 /* Add2ViewController.swift in Sources */ = {isa = PBXBuildFile; fileRef = 303ADCDD20B0462100231755 /* Add2ViewController.swift */; };
		30C7E3E120A4632A00AFCDF2 /* AppDelegate.swift in Sources */ = {isa = PBXBuildFile; fileRef = 30C7E3E020A4632A00AFCDF2 /* AppDelegate.swift */; };
		30C7E3E320A4632A00AFCDF2 /* FoodViewController.swift in Sources */ = {isa = PBXBuildFile; fileRef = 30C7E3E220A4632A00AFCDF2 /* FoodViewController.swift */; };
		30C7E3E820A4632A00AFCDF2 /* Main.storyboard in Resources */ = {isa = PBXBuildFile; fileRef = 30C7E3E620A4632A00AFCDF2 /* Main.storyboard */; };
		30C7E3EA20A4632C00AFCDF2 /* Assets.xcassets in Resources */ = {isa = PBXBuildFile; fileRef = 30C7E3E920A4632C00AFCDF2 /* Assets.xcassets */; };
		30C7E3ED20A4632C00AFCDF2 /* LaunchScreen.storyboard in Resources */ = {isa = PBXBuildFile; fileRef = 30C7E3EB20A4632C00AFCDF2 /* LaunchScreen.storyboard */; };
		30C7E3F820A4632C00AFCDF2 /* GroceriesTests.swift in Sources */ = {isa = PBXBuildFile; fileRef = 30C7E3F720A4632C00AFCDF2 /* GroceriesTests.swift */; };
		30C7E40320A4632C00AFCDF2 /* GroceriesUITests.swift in Sources */ = {isa = PBXBuildFile; fileRef = 30C7E40220A4632C00AFCDF2 /* GroceriesUITests.swift */; };
		30C7E41120A467A000AFCDF2 /* AddViewController.swift in Sources */ = {isa = PBXBuildFile; fileRef = 30C7E41020A467A000AFCDF2 /* AddViewController.swift */; };
		30C7E41320A468A400AFCDF2 /* Contstants.swift in Sources */ = {isa = PBXBuildFile; fileRef = 30C7E41220A468A400AFCDF2 /* Contstants.swift */; };
		30E9425E20B7E0AC0086E74F /* Add3ViewController.swift in Sources */ = {isa = PBXBuildFile; fileRef = 30E9425D20B7E0AC0086E74F /* Add3ViewController.swift */; };
		30E9426020B7FB570086E74F /* Food3ViewController.swift in Sources */ = {isa = PBXBuildFile; fileRef = 30E9425F20B7FB570086E74F /* Food3ViewController.swift */; };
/* End PBXBuildFile section */

/* Begin PBXContainerItemProxy section */
		30C7E3F420A4632C00AFCDF2 /* PBXContainerItemProxy */ = {
			isa = PBXContainerItemProxy;
			containerPortal = 30C7E3D520A4632A00AFCDF2 /* Project object */;
			proxyType = 1;
			remoteGlobalIDString = 30C7E3DC20A4632A00AFCDF2;
			remoteInfo = Groceries;
		};
		30C7E3FF20A4632C00AFCDF2 /* PBXContainerItemProxy */ = {
			isa = PBXContainerItemProxy;
			containerPortal = 30C7E3D520A4632A00AFCDF2 /* Project object */;
			proxyType = 1;
			remoteGlobalIDString = 30C7E3DC20A4632A00AFCDF2;
			remoteInfo = Groceries;
		};
/* End PBXContainerItemProxy section */

/* Begin PBXFileReference section */
		303ADCDB20B045E700231755 /* Food2ViewController.swift */ = {isa = PBXFileReference; fileEncoding = 4; lastKnownFileType = sourcecode.swift; path = Food2ViewController.swift; sourceTree = "<group>"; };
		303ADCDD20B0462100231755 /* Add2ViewController.swift */ = {isa = PBXFileReference; fileEncoding = 4; lastKnownFileType = sourcecode.swift; path = Add2ViewController.swift; sourceTree = "<group>"; };
		30C7E3DD20A4632A00AFCDF2 /* Groceries.app */ = {isa = PBXFileReference; explicitFileType = wrapper.application; includeInIndex = 0; path = Groceries.app; sourceTree = BUILT_PRODUCTS_DIR; };
		30C7E3E020A4632A00AFCDF2 /* AppDelegate.swift */ = {isa = PBXFileReference; lastKnownFileType = sourcecode.swift; path = AppDelegate.swift; sourceTree = "<group>"; };
		30C7E3E220A4632A00AFCDF2 /* FoodViewController.swift */ = {isa = PBXFileReference; lastKnownFileType = sourcecode.swift; path = FoodViewController.swift; sourceTree = "<group>"; };
		30C7E3E720A4632A00AFCDF2 /* Base */ = {isa = PBXFileReference; lastKnownFileType = file.storyboard; name = Base; path = Base.lproj/Main.storyboard; sourceTree = "<group>"; };
		30C7E3E920A4632C00AFCDF2 /* Assets.xcassets */ = {isa = PBXFileReference; lastKnownFileType = folder.assetcatalog; path = Assets.xcassets; sourceTree = "<group>"; };
		30C7E3EC20A4632C00AFCDF2 /* Base */ = {isa = PBXFileReference; lastKnownFileType = file.storyboard; name = Base; path = Base.lproj/LaunchScreen.storyboard; sourceTree = "<group>"; };
		30C7E3EE20A4632C00AFCDF2 /* Info.plist */ = {isa = PBXFileReference; lastKnownFileType = text.plist.xml; path = Info.plist; sourceTree = "<group>"; };
		30C7E3F320A4632C00AFCDF2 /* GroceriesTests.xctest */ = {isa = PBXFileReference; explicitFileType = wrapper.cfbundle; includeInIndex = 0; path = GroceriesTests.xctest; sourceTree = BUILT_PRODUCTS_DIR; };
		30C7E3F720A4632C00AFCDF2 /* GroceriesTests.swift */ = {isa = PBXFileReference; lastKnownFileType = sourcecode.swift; path = GroceriesTests.swift; sourceTree = "<group>"; };
		30C7E3F920A4632C00AFCDF2 /* Info.plist */ = {isa = PBXFileReference; lastKnownFileType = text.plist.xml; path = Info.plist; sourceTree = "<group>"; };
		30C7E3FE20A4632C00AFCDF2 /* GroceriesUITests.xctest */ = {isa = PBXFileReference; explicitFileType = wrapper.cfbundle; includeInIndex = 0; path = GroceriesUITests.xctest; sourceTree = BUILT_PRODUCTS_DIR; };
		30C7E40220A4632C00AFCDF2 /* GroceriesUITests.swift */ = {isa = PBXFileReference; lastKnownFileType = sourcecode.swift; path = GroceriesUITests.swift; sourceTree = "<group>"; };
		30C7E40420A4632C00AFCDF2 /* Info.plist */ = {isa = PBXFileReference; lastKnownFileType = text.plist.xml; path = Info.plist; sourceTree = "<group>"; };
		30C7E41020A467A000AFCDF2 /* AddViewController.swift */ = {isa = PBXFileReference; lastKnownFileType = sourcecode.swift; path = AddViewController.swift; sourceTree = "<group>"; };
		30C7E41220A468A400AFCDF2 /* Contstants.swift */ = {isa = PBXFileReference; lastKnownFileType = sourcecode.swift; path = Contstants.swift; sourceTree = "<group>"; };
		30E9425D20B7E0AC0086E74F /* Add3ViewController.swift */ = {isa = PBXFileReference; lastKnownFileType = sourcecode.swift; path = Add3ViewController.swift; sourceTree = "<group>"; };
		30E9425F20B7FB570086E74F /* Food3ViewController.swift */ = {isa = PBXFileReference; lastKnownFileType = sourcecode.swift; path = Food3ViewController.swift; sourceTree = "<group>"; };
/* End PBXFileReference section */

/* Begin PBXFrameworksBuildPhase section */
		30C7E3DA20A4632A00AFCDF2 /* Frameworks */ = {
			isa = PBXFrameworksBuildPhase;
			buildActionMask = 2147483647;
			files = (
			);
			runOnlyForDeploymentPostprocessing = 0;
		};
		30C7E3F020A4632C00AFCDF2 /* Frameworks */ = {
			isa = PBXFrameworksBuildPhase;
			buildActionMask = 2147483647;
			files = (
			);
			runOnlyForDeploymentPostprocessing = 0;
		};
		30C7E3FB20A4632C00AFCDF2 /* Frameworks */ = {
			isa = PBXFrameworksBuildPhase;
			buildActionMask = 2147483647;
			files = (
			);
			runOnlyForDeploymentPostprocessing = 0;
		};
/* End PBXFrameworksBuildPhase section */

/* Begin PBXGroup section */
		30C7E3D420A4632A00AFCDF2 = {
			isa = PBXGroup;
			children = (
				30C7E3DF20A4632A00AFCDF2 /* Groceries */,
				30C7E3F620A4632C00AFCDF2 /* GroceriesTests */,
				30C7E40120A4632C00AFCDF2 /* GroceriesUITests */,
				30C7E3DE20A4632A00AFCDF2 /* Products */,
			);
			sourceTree = "<group>";
		};
		30C7E3DE20A4632A00AFCDF2 /* Products */ = {
			isa = PBXGroup;
			children = (
				30C7E3DD20A4632A00AFCDF2 /* Groceries.app */,
				30C7E3F320A4632C00AFCDF2 /* GroceriesTests.xctest */,
				30C7E3FE20A4632C00AFCDF2 /* GroceriesUITests.xctest */,
			);
			name = Products;
			sourceTree = "<group>";
		};
		30C7E3DF20A4632A00AFCDF2 /* Groceries */ = {
			isa = PBXGroup;
			children = (
				30C7E3E020A4632A00AFCDF2 /* AppDelegate.swift */,
				30C7E3E220A4632A00AFCDF2 /* FoodViewController.swift */,
				303ADCDB20B045E700231755 /* Food2ViewController.swift */,
				30E9425F20B7FB570086E74F /* Food3ViewController.swift */,
				30C7E41020A467A000AFCDF2 /* AddViewController.swift */,
				303ADCDD20B0462100231755 /* Add2ViewController.swift */,
				30E9425D20B7E0AC0086E74F /* Add3ViewController.swift */,
				30C7E3E620A4632A00AFCDF2 /* Main.storyboard */,
				30C7E41220A468A400AFCDF2 /* Contstants.swift */,
				30C7E3E920A4632C00AFCDF2 /* Assets.xcassets */,
				30C7E3EB20A4632C00AFCDF2 /* LaunchScreen.storyboard */,
				30C7E3EE20A4632C00AFCDF2 /* Info.plist */,
			);
			path = Groceries;
			sourceTree = "<group>";
		};
		30C7E3F620A4632C00AFCDF2 /* GroceriesTests */ = {
			isa = PBXGroup;
			children = (
				30C7E3F720A4632C00AFCDF2 /* GroceriesTests.swift */,
				30C7E3F920A4632C00AFCDF2 /* Info.plist */,
			);
			path = GroceriesTests;
			sourceTree = "<group>";
		};
		30C7E40120A4632C00AFCDF2 /* GroceriesUITests */ = {
			isa = PBXGroup;
			children = (
				30C7E40220A4632C00AFCDF2 /* GroceriesUITests.swift */,
				30C7E40420A4632C00AFCDF2 /* Info.plist */,
			);
			path = GroceriesUITests;
			sourceTree = "<group>";
		};
/* End PBXGroup section */

/* Begin PBXNativeTarget section */
		30C7E3DC20A4632A00AFCDF2 /* Groceries */ = {
			isa = PBXNativeTarget;
			buildConfigurationList = 30C7E40720A4632C00AFCDF2 /* Build configuration list for PBXNativeTarget "Groceries" */;
			buildPhases = (
				30C7E3D920A4632A00AFCDF2 /* Sources */,
				30C7E3DA20A4632A00AFCDF2 /* Frameworks */,
				30C7E3DB20A4632A00AFCDF2 /* Resources */,
			);
			buildRules = (
			);
			dependencies = (
			);
			name = Groceries;
			productName = Groceries;
			productReference = 30C7E3DD20A4632A00AFCDF2 /* Groceries.app */;
			productType = "com.apple.product-type.application";
		};
		30C7E3F220A4632C00AFCDF2 /* GroceriesTests */ = {
			isa = PBXNativeTarget;
			buildConfigurationList = 30C7E40A20A4632C00AFCDF2 /* Build configuration list for PBXNativeTarget "GroceriesTests" */;
			buildPhases = (
				30C7E3EF20A4632C00AFCDF2 /* Sources */,
				30C7E3F020A4632C00AFCDF2 /* Frameworks */,
				30C7E3F120A4632C00AFCDF2 /* Resources */,
			);
			buildRules = (
			);
			dependencies = (
				30C7E3F520A4632C00AFCDF2 /* PBXTargetDependency */,
			);
			name = GroceriesTests;
			productName = GroceriesTests;
			productReference = 30C7E3F320A4632C00AFCDF2 /* GroceriesTests.xctest */;
			productType = "com.apple.product-type.bundle.unit-test";
		};
		30C7E3FD20A4632C00AFCDF2 /* GroceriesUITests */ = {
			isa = PBXNativeTarget;
			buildConfigurationList = 30C7E40D20A4632C00AFCDF2 /* Build configuration list for PBXNativeTarget "GroceriesUITests" */;
			buildPhases = (
				30C7E3FA20A4632C00AFCDF2 /* Sources */,
				30C7E3FB20A4632C00AFCDF2 /* Frameworks */,
				30C7E3FC20A4632C00AFCDF2 /* Resources */,
			);
			buildRules = (
			);
			dependencies = (
				30C7E40020A4632C00AFCDF2 /* PBXTargetDependency */,
			);
			name = GroceriesUITests;
			productName = GroceriesUITests;
			productReference = 30C7E3FE20A4632C00AFCDF2 /* GroceriesUITests.xctest */;
			productType = "com.apple.product-type.bundle.ui-testing";
		};
/* End PBXNativeTarget section */

/* Begin PBXProject section */
		30C7E3D520A4632A00AFCDF2 /* Project object */ = {
			isa = PBXProject;
			attributes = {
				LastSwiftUpdateCheck = 0930;
				LastUpgradeCheck = 0930;
				ORGANIZATIONNAME = "Mitch Sigley";
				TargetAttributes = {
					30C7E3DC20A4632A00AFCDF2 = {
						CreatedOnToolsVersion = 9.3;
					};
					30C7E3F220A4632C00AFCDF2 = {
						CreatedOnToolsVersion = 9.3;
						TestTargetID = 30C7E3DC20A4632A00AFCDF2;
					};
					30C7E3FD20A4632C00AFCDF2 = {
						CreatedOnToolsVersion = 9.3;
						TestTargetID = 30C7E3DC20A4632A00AFCDF2;
					};
				};
			};
			buildConfigurationList = 30C7E3D820A4632A00AFCDF2 /* Build configuration list for PBXProject "Groceries" */;
			compatibilityVersion = "Xcode 9.3";
			developmentRegion = en;
			hasScannedForEncodings = 0;
			knownRegions = (
				en,
				Base,
			);
			mainGroup = 30C7E3D420A4632A00AFCDF2;
			productRefGroup = 30C7E3DE20A4632A00AFCDF2 /* Products */;
			projectDirPath = "";
			projectRoot = "";
			targets = (
				30C7E3DC20A4632A00AFCDF2 /* Groceries */,
				30C7E3F220A4632C00AFCDF2 /* GroceriesTests */,
				30C7E3FD20A4632C00AFCDF2 /* GroceriesUITests */,
			);
		};
/* End PBXProject section */

/* Begin PBXResourcesBuildPhase section */
		30C7E3DB20A4632A00AFCDF2 /* Resources */ = {
			isa = PBXResourcesBuildPhase;
			buildActionMask = 2147483647;
			files = (
				30C7E3ED20A4632C00AFCDF2 /* LaunchScreen.storyboard in Resources */,
				30C7E3EA20A4632C00AFCDF2 /* Assets.xcassets in Resources */,
				30C7E3E820A4632A00AFCDF2 /* Main.storyboard in Resources */,
			);
			runOnlyForDeploymentPostprocessing = 0;
		};
		30C7E3F120A4632C00AFCDF2 /* Resources */ = {
			isa = PBXResourcesBuildPhase;
			buildActionMask = 2147483647;
			files = (
			);
			runOnlyForDeploymentPostprocessing = 0;
		};
		30C7E3FC20A4632C00AFCDF2 /* Resources */ = {
			isa = PBXResourcesBuildPhase;
			buildActionMask = 2147483647;
			files = (
			);
			runOnlyForDeploymentPostprocessing = 0;
		};
/* End PBXResourcesBuildPhase section */

/* Begin PBXSourcesBuildPhase section */
		30C7E3D920A4632A00AFCDF2 /* Sources */ = {
			isa = PBXSourcesBuildPhase;
			buildActionMask = 2147483647;
			files = (
				30C7E41320A468A400AFCDF2 /* Contstants.swift in Sources */,
				30E9425E20B7E0AC0086E74F /* Add3ViewController.swift in Sources */,
				30C7E41120A467A000AFCDF2 /* AddViewController.swift in Sources */,
				30C7E3E120A4632A00AFCDF2 /* AppDelegate.swift in Sources */,
				303ADCDE20B0462100231755 /* Add2ViewController.swift in Sources */,
				30C7E3E320A4632A00AFCDF2 /* FoodViewController.swift in Sources */,
				30E9426020B7FB570086E74F /* Food3ViewController.swift in Sources */,
				303ADCDC20B045E700231755 /* Food2ViewController.swift in Sources */,
			);
			runOnlyForDeploymentPostprocessing = 0;
		};
		30C7E3EF20A4632C00AFCDF2 /* Sources */ = {
			isa = PBXSourcesBuildPhase;
			buildActionMask = 2147483647;
			files = (
				30C7E3F820A4632C00AFCDF2 /* GroceriesTests.swift in Sources */,
			);
			runOnlyForDeploymentPostprocessing = 0;
		};
		30C7E3FA20A4632C00AFCDF2 /* Sources */ = {
			isa = PBXSourcesBuildPhase;
			buildActionMask = 2147483647;
			files = (
				30C7E40320A4632C00AFCDF2 /* GroceriesUITests.swift in Sources */,
			);
			runOnlyForDeploymentPostprocessing = 0;
		};
/* End PBXSourcesBuildPhase section */

/* Begin PBXTargetDependency section */
		30C7E3F520A4632C00AFCDF2 /* PBXTargetDependency */ = {
			isa = PBXTargetDependency;
			target = 30C7E3DC20A4632A00AFCDF2 /* Groceries */;
			targetProxy = 30C7E3F420A4632C00AFCDF2 /* PBXContainerItemProxy */;
		};
		30C7E40020A4632C00AFCDF2 /* PBXTargetDependency */ = {
			isa = PBXTargetDependency;
			target = 30C7E3DC20A4632A00AFCDF2 /* Groceries */;
			targetProxy = 30C7E3FF20A4632C00AFCDF2 /* PBXContainerItemProxy */;
		};
/* End PBXTargetDependency section */

/* Begin PBXVariantGroup section */
		30C7E3E620A4632A00AFCDF2 /* Main.storyboard */ = {
			isa = PBXVariantGroup;
			children = (
				30C7E3E720A4632A00AFCDF2 /* Base */,
			);
			name = Main.storyboard;
			sourceTree = "<group>";
		};
		30C7E3EB20A4632C00AFCDF2 /* LaunchScreen.storyboard */ = {
			isa = PBXVariantGroup;
			children = (
				30C7E3EC20A4632C00AFCDF2 /* Base */,
			);
			name = LaunchScreen.storyboard;
			sourceTree = "<group>";
		};
/* End PBXVariantGroup section */

/* Begin XCBuildConfiguration section */
		30C7E40520A4632C00AFCDF2 /* Debug */ = {
			isa = XCBuildConfiguration;
			buildSettings = {
				ALWAYS_SEARCH_USER_PATHS = NO;
				CLANG_ANALYZER_NONNULL = YES;
				CLANG_ANALYZER_NUMBER_OBJECT_CONVERSION = YES_AGGRESSIVE;
				CLANG_CXX_LANGUAGE_STANDARD = "gnu++14";
				CLANG_CXX_LIBRARY = "libc++";
				CLANG_ENABLE_MODULES = YES;
				CLANG_ENABLE_OBJC_ARC = YES;
				CLANG_ENABLE_OBJC_WEAK = YES;
				CLANG_WARN_BLOCK_CAPTURE_AUTORELEASING = YES;
				CLANG_WARN_BOOL_CONVERSION = YES;
				CLANG_WARN_COMMA = YES;
				CLANG_WARN_CONSTANT_CONVERSION = YES;
				CLANG_WARN_DEPRECATED_OBJC_IMPLEMENTATIONS = YES;
				CLANG_WARN_DIRECT_OBJC_ISA_USAGE = YES_ERROR;
				CLANG_WARN_DOCUMENTATION_COMMENTS = YES;
				CLANG_WARN_EMPTY_BODY = YES;
				CLANG_WARN_ENUM_CONVERSION = YES;
				CLANG_WARN_INFINITE_RECURSION = YES;
				CLANG_WARN_INT_CONVERSION = YES;
				CLANG_WARN_NON_LITERAL_NULL_CONVERSION = YES;
				CLANG_WARN_OBJC_IMPLICIT_RETAIN_SELF = YES;
				CLANG_WARN_OBJC_LITERAL_CONVERSION = YES;
				CLANG_WARN_OBJC_ROOT_CLASS = YES_ERROR;
				CLANG_WARN_RANGE_LOOP_ANALYSIS = YES;
				CLANG_WARN_STRICT_PROTOTYPES = YES;
				CLANG_WARN_SUSPICIOUS_MOVE = YES;
				CLANG_WARN_UNGUARDED_AVAILABILITY = YES_AGGRESSIVE;
				CLANG_WARN_UNREACHABLE_CODE = YES;
				CLANG_WARN__DUPLICATE_METHOD_MATCH = YES;
				CODE_SIGN_IDENTITY = "iPhone Developer";
				COPY_PHASE_STRIP = NO;
				DEBUG_INFORMATION_FORMAT = dwarf;
				ENABLE_STRICT_OBJC_MSGSEND = YES;
				ENABLE_TESTABILITY = YES;
				GCC_C_LANGUAGE_STANDARD = gnu11;
				GCC_DYNAMIC_NO_PIC = NO;
				GCC_NO_COMMON_BLOCKS = YES;
				GCC_OPTIMIZATION_LEVEL = 0;
				GCC_PREPROCESSOR_DEFINITIONS = (
					"DEBUG=1",
					"$(inherited)",
				);
				GCC_WARN_64_TO_32_BIT_CONVERSION = YES;
				GCC_WARN_ABOUT_RETURN_TYPE = YES_ERROR;
				GCC_WARN_UNDECLARED_SELECTOR = YES;
				GCC_WARN_UNINITIALIZED_AUTOS = YES_AGGRESSIVE;
				GCC_WARN_UNUSED_FUNCTION = YES;
				GCC_WARN_UNUSED_VARIABLE = YES;
				IPHONEOS_DEPLOYMENT_TARGET = 11.3;
				MTL_ENABLE_DEBUG_INFO = YES;
				ONLY_ACTIVE_ARCH = YES;
				SDKROOT = iphoneos;
				SWIFT_ACTIVE_COMPILATION_CONDITIONS = DEBUG;
				SWIFT_OPTIMIZATION_LEVEL = "-Onone";
			};
			name = Debug;
		};
		30C7E40620A4632C00AFCDF2 /* Release */ = {
			isa = XCBuildConfiguration;
			buildSettings = {
				ALWAYS_SEARCH_USER_PATHS = NO;
				CLANG_ANALYZER_NONNULL = YES;
				CLANG_ANALYZER_NUMBER_OBJECT_CONVERSION = YES_AGGRESSIVE;
				CLANG_CXX_LANGUAGE_STANDARD = "gnu++14";
				CLANG_CXX_LIBRARY = "libc++";
				CLANG_ENABLE_MODULES = YES;
				CLANG_ENABLE_OBJC_ARC = YES;
				CLANG_ENABLE_OBJC_WEAK = YES;
				CLANG_WARN_BLOCK_CAPTURE_AUTORELEASING = YES;
				CLANG_WARN_BOOL_CONVERSION = YES;
				CLANG_WARN_COMMA = YES;
				CLANG_WARN_CONSTANT_CONVERSION = YES;
				CLANG_WARN_DEPRECATED_OBJC_IMPLEMENTATIONS = YES;
				CLANG_WARN_DIRECT_OBJC_ISA_USAGE = YES_ERROR;
				CLANG_WARN_DOCUMENTATION_COMMENTS = YES;
				CLANG_WARN_EMPTY_BODY = YES;
				CLANG_WARN_ENUM_CONVERSION = YES;
				CLANG_WARN_INFINITE_RECURSION = YES;
				CLANG_WARN_INT_CONVERSION = YES;
				CLANG_WARN_NON_LITERAL_NULL_CONVERSION = YES;
				CLANG_WARN_OBJC_IMPLICIT_RETAIN_SELF = YES;
				CLANG_WARN_OBJC_LITERAL_CONVERSION = YES;
				CLANG_WARN_OBJC_ROOT_CLASS = YES_ERROR;
				CLANG_WARN_RANGE_LOOP_ANALYSIS = YES;
				CLANG_WARN_STRICT_PROTOTYPES = YES;
				CLANG_WARN_SUSPICIOUS_MOVE = YES;
				CLANG_WARN_UNGUARDED_AVAILABILITY = YES_AGGRESSIVE;
				CLANG_WARN_UNREACHABLE_CODE = YES;
				CLANG_WARN__DUPLICATE_METHOD_MATCH = YES;
				CODE_SIGN_IDENTITY = "iPhone Developer";
				COPY_PHASE_STRIP = NO;
				DEBUG_INFORMATION_FORMAT = "dwarf-with-dsym";
				ENABLE_NS_ASSERTIONS = NO;
				ENABLE_STRICT_OBJC_MSGSEND = YES;
				GCC_C_LANGUAGE_STANDARD = gnu11;
				GCC_NO_COMMON_BLOCKS = YES;
				GCC_WARN_64_TO_32_BIT_CONVERSION = YES;
				GCC_WARN_ABOUT_RETURN_TYPE = YES_ERROR;
				GCC_WARN_UNDECLARED_SELECTOR = YES;
				GCC_WARN_UNINITIALIZED_AUTOS = YES_AGGRESSIVE;
				GCC_WARN_UNUSED_FUNCTION = YES;
				GCC_WARN_UNUSED_VARIABLE = YES;
				IPHONEOS_DEPLOYMENT_TARGET = 11.3;
				MTL_ENABLE_DEBUG_INFO = NO;
				SDKROOT = iphoneos;
				SWIFT_COMPILATION_MODE = wholemodule;
				SWIFT_OPTIMIZATION_LEVEL = "-O";
				VALIDATE_PRODUCT = YES;
			};
			name = Release;
		};
		30C7E40820A4632C00AFCDF2 /* Debug */ = {
			isa = XCBuildConfiguration;
			buildSettings = {
				ASSETCATALOG_COMPILER_APPICON_NAME = AppIcon;
				CODE_SIGN_STYLE = Automatic;
				DEVELOPMENT_TEAM = 24SM6522LU;
				INFOPLIST_FILE = Groceries/Info.plist;
				LD_RUNPATH_SEARCH_PATHS = (
					"$(inherited)",
					"@executable_path/Frameworks",
				);
				PRODUCT_BUNDLE_IDENTIFIER = "Mitch-Sigley.Groceries";
				PRODUCT_NAME = "$(TARGET_NAME)";
				SWIFT_VERSION = 4.0;
				TARGETED_DEVICE_FAMILY = "1,2";
			};
			name = Debug;
		};
		30C7E40920A4632C00AFCDF2 /* Release */ = {
			isa = XCBuildConfiguration;
			buildSettings = {
				ASSETCATALOG_COMPILER_APPICON_NAME = AppIcon;
				CODE_SIGN_STYLE = Automatic;
				DEVELOPMENT_TEAM = 24SM6522LU;
				INFOPLIST_FILE = Groceries/Info.plist;
				LD_RUNPATH_SEARCH_PATHS = (
					"$(inherited)",
					"@executable_path/Frameworks",
				);
				PRODUCT_BUNDLE_IDENTIFIER = "Mitch-Sigley.Groceries";
				PRODUCT_NAME = "$(TARGET_NAME)";
				SWIFT_VERSION = 4.0;
				TARGETED_DEVICE_FAMILY = "1,2";
			};
			name = Release;
		};
		30C7E40B20A4632C00AFCDF2 /* Debug */ = {
			isa = XCBuildConfiguration;
			buildSettings = {
				ALWAYS_EMBED_SWIFT_STANDARD_LIBRARIES = YES;
				BUNDLE_LOADER = "$(TEST_HOST)";
				CODE_SIGN_STYLE = Automatic;
				DEVELOPMENT_TEAM = 24SM6522LU;
				INFOPLIST_FILE = GroceriesTests/Info.plist;
				LD_RUNPATH_SEARCH_PATHS = (
					"$(inherited)",
					"@executable_path/Frameworks",
					"@loader_path/Frameworks",
				);
				PRODUCT_BUNDLE_IDENTIFIER = "Mitch-Sigley.GroceriesTests";
				PRODUCT_NAME = "$(TARGET_NAME)";
				SWIFT_VERSION = 4.0;
				TARGETED_DEVICE_FAMILY = "1,2";
				TEST_HOST = "$(BUILT_PRODUCTS_DIR)/Groceries.app/Groceries";
			};
			name = Debug;
		};
		30C7E40C20A4632C00AFCDF2 /* Release */ = {
			isa = XCBuildConfiguration;
			buildSettings = {
				ALWAYS_EMBED_SWIFT_STANDARD_LIBRARIES = YES;
				BUNDLE_LOADER = "$(TEST_HOST)";
				CODE_SIGN_STYLE = Automatic;
				DEVELOPMENT_TEAM = 24SM6522LU;
				INFOPLIST_FILE = GroceriesTests/Info.plist;
				LD_RUNPATH_SEARCH_PATHS = (
					"$(inherited)",
					"@executable_path/Frameworks",
					"@loader_path/Frameworks",
				);
				PRODUCT_BUNDLE_IDENTIFIER = "Mitch-Sigley.GroceriesTests";
				PRODUCT_NAME = "$(TARGET_NAME)";
				SWIFT_VERSION = 4.0;
				TARGETED_DEVICE_FAMILY = "1,2";
				TEST_HOST = "$(BUILT_PRODUCTS_DIR)/Groceries.app/Groceries";
			};
			name = Release;
		};
		30C7E40E20A4632C00AFCDF2 /* Debug */ = {
			isa = XCBuildConfiguration;
			buildSettings = {
				ALWAYS_EMBED_SWIFT_STANDARD_LIBRARIES = YES;
				CODE_SIGN_STYLE = Automatic;
				DEVELOPMENT_TEAM = 24SM6522LU;
				INFOPLIST_FILE = GroceriesUITests/Info.plist;
				LD_RUNPATH_SEARCH_PATHS = (
					"$(inherited)",
					"@executable_path/Frameworks",
					"@loader_path/Frameworks",
				);
				PRODUCT_BUNDLE_IDENTIFIER = "Mitch-Sigley.GroceriesUITests";
				PRODUCT_NAME = "$(TARGET_NAME)";
				SWIFT_VERSION = 4.0;
				TARGETED_DEVICE_FAMILY = "1,2";
				TEST_TARGET_NAME = Groceries;
			};
			name = Debug;
		};
		30C7E40F20A4632C00AFCDF2 /* Release */ = {
			isa = XCBuildConfiguration;
			buildSettings = {
				ALWAYS_EMBED_SWIFT_STANDARD_LIBRARIES = YES;
				CODE_SIGN_STYLE = Automatic;
				DEVELOPMENT_TEAM = 24SM6522LU;
				INFOPLIST_FILE = GroceriesUITests/Info.plist;
				LD_RUNPATH_SEARCH_PATHS = (
					"$(inherited)",
					"@executable_path/Frameworks",
					"@loader_path/Frameworks",
				);
				PRODUCT_BUNDLE_IDENTIFIER = "Mitch-Sigley.GroceriesUITests";
				PRODUCT_NAME = "$(TARGET_NAME)";
				SWIFT_VERSION = 4.0;
				TARGETED_DEVICE_FAMILY = "1,2";
				TEST_TARGET_NAME = Groceries;
			};
			name = Release;
		};
/* End XCBuildConfiguration section */

/* Begin XCConfigurationList section */
		30C7E3D820A4632A00AFCDF2 /* Build configuration list for PBXProject "Groceries" */ = {
			isa = XCConfigurationList;
			buildConfigurations = (
				30C7E40520A4632C00AFCDF2 /* Debug */,
				30C7E40620A4632C00AFCDF2 /* Release */,
			);
			defaultConfigurationIsVisible = 0;
			defaultConfigurationName = Release;
		};
		30C7E40720A4632C00AFCDF2 /* Build configuration list for PBXNativeTarget "Groceries" */ = {
			isa = XCConfigurationList;
			buildConfigurations = (
				30C7E40820A4632C00AFCDF2 /* Debug */,
				30C7E40920A4632C00AFCDF2 /* Release */,
			);
			defaultConfigurationIsVisible = 0;
			defaultConfigurationName = Release;
		};
		30C7E40A20A4632C00AFCDF2 /* Build configuration list for PBXNativeTarget "GroceriesTests" */ = {
			isa = XCConfigurationList;
			buildConfigurations = (
				30C7E40B20A4632C00AFCDF2 /* Debug */,
				30C7E40C20A4632C00AFCDF2 /* Release */,
			);
			defaultConfigurationIsVisible = 0;
			defaultConfigurationName = Release;
		};
		30C7E40D20A4632C00AFCDF2 /* Build configuration list for PBXNativeTarget "GroceriesUITests" */ = {
			isa = XCConfigurationList;
			buildConfigurations = (
				30C7E40E20A4632C00AFCDF2 /* Debug */,
				30C7E40F20A4632C00AFCDF2 /* Release */,
			);
			defaultConfigurationIsVisible = 0;
			defaultConfigurationName = Release;
		};
/* End XCConfigurationList section */
	};
	rootObject = 30C7E3D520A4632A00AFCDF2 /* Project object */;
}
